
Microsoft Visual Studio Solution File, Format Version 12.00
# Visual Studio Version 16
VisualStudioVersion = 16.0.30225.117
MinimumVisualStudioVersion = 10.0.40219.1
Project("{FAE04EC0-301F-11D3-BF4B-00C04F79EFBC}") = "JokesWebApp", "JokesWebApp.csproj", "{7FCBD426-7492-46ED-A3F7-4B6FD6B9973B}"
EndProject
Global
	GlobalSection(SolutionConfigurationPlatforms) = preSolution
		Debug|Any CPU = Debug|Any CPU
		Release|Any CPU = Release|Any CPU
	EndGlobalSection
	GlobalSection(ProjectConfigurationPlatforms) = postSolution
		{7FCBD426-7492-46ED-A3F7-4B6FD6B9973B}.Debug|Any CPU.ActiveCfg = Debug|Any CPU
		{7FCBD426-7492-46ED-A3F7-4B6FD6B9973B}.Debug|Any CPU.Build.0 = Debug|Any CPU
		{7FCBD426-7492-46ED-A3F7-4B6FD6B9973B}.Release|Any CPU.ActiveCfg = Release|Any CPU
		{7FCBD426-7492-46ED-A3F7-4B6FD6B9973B}.Release|Any CPU.Build.0 = Release|Any CPU
	EndGlobalSection
	GlobalSection(SolutionProperties) = preSolution
		HideSolutionNode = FALSE
	EndGlobalSection
	GlobalSection(ExtensibilityGlobals) = postSolution
		SolutionGuid = {C3EDCC54-8DB0-4117-880F-71F1B74B0820}
	EndGlobalSection
EndGlobal
